// !$*UTF8*$!
{
	archiveVersion = 1;
	classes = {
	};
	objectVersion = 46;
	objects = {

/* Begin PBXBuildFile section */
		3A0E79351B5CC50D00461FB5 /* main.m in Sources */ = {isa = PBXBuildFile; fileRef = 3A0E79341B5CC50D00461FB5 /* main.m */; };
		3A0E79381B5CC50D00461FB5 /* AppDelegate.m in Sources */ = {isa = PBXBuildFile; fileRef = 3A0E79371B5CC50D00461FB5 /* AppDelegate.m */; };
		3A0E793B1B5CC50D00461FB5 /* QuickType.xcdatamodeld in Sources */ = {isa = PBXBuildFile; fileRef = 3A0E79391B5CC50D00461FB5 /* QuickType.xcdatamodeld */; };
		3A0E793E1B5CC50D00461FB5 /* ViewController.m in Sources */ = {isa = PBXBuildFile; fileRef = 3A0E793D1B5CC50D00461FB5 /* ViewController.m */; };
		3A0E79411B5CC50D00461FB5 /* Main.storyboard in Resources */ = {isa = PBXBuildFile; fileRef = 3A0E793F1B5CC50D00461FB5 /* Main.storyboard */; };
		3A0E79431B5CC50D00461FB5 /* Images.xcassets in Resources */ = {isa = PBXBuildFile; fileRef = 3A0E79421B5CC50D00461FB5 /* Images.xcassets */; };
		3A0E79461B5CC50D00461FB5 /* LaunchScreen.xib in Resources */ = {isa = PBXBuildFile; fileRef = 3A0E79441B5CC50D00461FB5 /* LaunchScreen.xib */; };
		3A0E79521B5CC50D00461FB5 /* QuickTypeTests.m in Sources */ = {isa = PBXBuildFile; fileRef = 3A0E79511B5CC50D00461FB5 /* QuickTypeTests.m */; };
		3AF287DD1B5DFA0300048A08 /* SpeechBubble.m in Sources */ = {isa = PBXBuildFile; fileRef = 3AF287DC1B5DFA0300048A08 /* SpeechBubble.m */; };
/* End PBXBuildFile section */

/* Begin PBXContainerItemProxy section */
		3A0E794C1B5CC50D00461FB5 /* PBXContainerItemProxy */ = {
			isa = PBXContainerItemProxy;
			containerPortal = 3A0E79271B5CC50D00461FB5 /* Project object */;
			proxyType = 1;
			remoteGlobalIDString = 3A0E792E1B5CC50D00461FB5;
			remoteInfo = QuickType;
		};
/* End PBXContainerItemProxy section */

/* Begin PBXFileReference section */
		3A0E792F1B5CC50D00461FB5 /* QuickType.app */ = {isa = PBXFileReference; explicitFileType = wrapper.application; includeInIndex = 0; path = QuickType.app; sourceTree = BUILT_PRODUCTS_DIR; };
		3A0E79331B5CC50D00461FB5 /* Info.plist */ = {isa = PBXFileReference; lastKnownFileType = text.plist.xml; path = Info.plist; sourceTree = "<group>"; };
		3A0E79341B5CC50D00461FB5 /* main.m */ = {isa = PBXFileReference; lastKnownFileType = sourcecode.c.objc; path = main.m; sourceTree = "<group>"; };
		3A0E79361B5CC50D00461FB5 /* AppDelegate.h */ = {isa = PBXFileReference; lastKnownFileType = sourcecode.c.h; path = AppDelegate.h; sourceTree = "<group>"; };
		3A0E79371B5CC50D00461FB5 /* AppDelegate.m */ = {isa = PBXFileReference; lastKnownFileType = sourcecode.c.objc; path = AppDelegate.m; sourceTree = "<group>"; };
		3A0E793A1B5CC50D00461FB5 /* QuickType.xcdatamodel */ = {isa = PBXFileReference; lastKnownFileType = wrapper.xcdatamodel; path = QuickType.xcdatamodel; sourceTree = "<group>"; };
		3A0E793C1B5CC50D00461FB5 /* ViewController.h */ = {isa = PBXFileReference; lastKnownFileType = sourcecode.c.h; path = ViewController.h; sourceTree = "<group>"; };
		3A0E793D1B5CC50D00461FB5 /* ViewController.m */ = {isa = PBXFileReference; lastKnownFileType = sourcecode.c.objc; path = ViewController.m; sourceTree = "<group>"; };
		3A0E79401B5CC50D00461FB5 /* Base */ = {isa = PBXFileReference; lastKnownFileType = file.storyboard; name = Base; path = Base.lproj/Main.storyboard; sourceTree = "<group>"; };
		3A0E79421B5CC50D00461FB5 /* Images.xcassets */ = {isa = PBXFileReference; lastKnownFileType = folder.assetcatalog; path = Images.xcassets; sourceTree = "<group>"; };
		3A0E79451B5CC50D00461FB5 /* Base */ = {isa = PBXFileReference; lastKnownFileType = file.xib; name = Base; path = Base.lproj/LaunchScreen.xib; sourceTree = "<group>"; };
		3A0E794B1B5CC50D00461FB5 /* QuickTypeTests.xctest */ = {isa = PBXFileReference; explicitFileType = wrapper.cfbundle; includeInIndex = 0; path = QuickTypeTests.xctest; sourceTree = BUILT_PRODUCTS_DIR; };
		3A0E79501B5CC50D00461FB5 /* Info.plist */ = {isa = PBXFileReference; lastKnownFileType = text.plist.xml; path = Info.plist; sourceTree = "<group>"; };
		3A0E79511B5CC50D00461FB5 /* QuickTypeTests.m */ = {isa = PBXFileReference; lastKnownFileType = sourcecode.c.objc; path = QuickTypeTests.m; sourceTree = "<group>"; };
		3AF287DB1B5DFA0300048A08 /* SpeechBubble.h */ = {isa = PBXFileReference; fileEncoding = 4; lastKnownFileType = sourcecode.c.h; path = SpeechBubble.h; sourceTree = "<group>"; };
		3AF287DC1B5DFA0300048A08 /* SpeechBubble.m */ = {isa = PBXFileReference; fileEncoding = 4; lastKnownFileType = sourcecode.c.objc; path = SpeechBubble.m; sourceTree = "<group>"; };
/* End PBXFileReference section */

/* Begin PBXFrameworksBuildPhase section */
		3A0E792C1B5CC50D00461FB5 /* Frameworks */ = {
			isa = PBXFrameworksBuildPhase;
			buildActionMask = 2147483647;
			files = (
			);
			runOnlyForDeploymentPostprocessing = 0;
		};
		3A0E79481B5CC50D00461FB5 /* Frameworks */ = {
			isa = PBXFrameworksBuildPhase;
			buildActionMask = 2147483647;
			files = (
			);
			runOnlyForDeploymentPostprocessing = 0;
		};
/* End PBXFrameworksBuildPhase section */

/* Begin PBXGroup section */
		3A0E79261B5CC50D00461FB5 = {
			isa = PBXGroup;
			children = (
				3A0E79311B5CC50D00461FB5 /* QuickType */,
				3A0E794E1B5CC50D00461FB5 /* QuickTypeTests */,
				3A0E79301B5CC50D00461FB5 /* Products */,
			);
			sourceTree = "<group>";
		};
		3A0E79301B5CC50D00461FB5 /* Products */ = {
			isa = PBXGroup;
			children = (
				3A0E792F1B5CC50D00461FB5 /* QuickType.app */,
				3A0E794B1B5CC50D00461FB5 /* QuickTypeTests.xctest */,
			);
			name = Products;
			sourceTree = "<group>";
		};
		3A0E79311B5CC50D00461FB5 /* QuickType */ = {
			isa = PBXGroup;
			children = (
				3A0E79361B5CC50D00461FB5 /* AppDelegate.h */,
				3A0E79371B5CC50D00461FB5 /* AppDelegate.m */,
				3A0E793C1B5CC50D00461FB5 /* ViewController.h */,
				3A0E793D1B5CC50D00461FB5 /* ViewController.m */,
				3A0E793F1B5CC50D00461FB5 /* Main.storyboard */,
				3A0E79421B5CC50D00461FB5 /* Images.xcassets */,
				3A0E79441B5CC50D00461FB5 /* LaunchScreen.xib */,
				3A0E79391B5CC50D00461FB5 /* QuickType.xcdatamodeld */,
				3A0E79321B5CC50D00461FB5 /* Supporting Files */,
				3AF287DB1B5DFA0300048A08 /* SpeechBubble.h */,
				3AF287DC1B5DFA0300048A08 /* SpeechBubble.m */,
			);
			path = QuickType;
			sourceTree = "<group>";
		};
		3A0E79321B5CC50D00461FB5 /* Supporting Files */ = {
			isa = PBXGroup;
			children = (
				3A0E79331B5CC50D00461FB5 /* Info.plist */,
				3A0E79341B5CC50D00461FB5 /* main.m */,
			);
			name = "Supporting Files";
			sourceTree = "<group>";
		};
		3A0E794E1B5CC50D00461FB5 /* QuickTypeTests */ = {
			isa = PBXGroup;
			children = (
				3A0E79511B5CC50D00461FB5 /* QuickTypeTests.m */,
				3A0E794F1B5CC50D00461FB5 /* Supporting Files */,
			);
			path = QuickTypeTests;
			sourceTree = "<group>";
		};
		3A0E794F1B5CC50D00461FB5 /* Supporting Files */ = {
			isa = PBXGroup;
			children = (
				3A0E79501B5CC50D00461FB5 /* Info.plist */,
			);
			name = "Supporting Files";
			sourceTree = "<group>";
		};
/* End PBXGroup section */

/* Begin PBXNativeTarget section */
		3A0E792E1B5CC50D00461FB5 /* QuickType */ = {
			isa = PBXNativeTarget;
			buildConfigurationList = 3A0E79551B5CC50D00461FB5 /* Build configuration list for PBXNativeTarget "QuickType" */;
			buildPhases = (
				3A0E792B1B5CC50D00461FB5 /* Sources */,
				3A0E792C1B5CC50D00461FB5 /* Frameworks */,
				3A0E792D1B5CC50D00461FB5 /* Resources */,
			);
			buildRules = (
			);
			dependencies = (
			);
			name = QuickType;
			productName = QuickType;
			productReference = 3A0E792F1B5CC50D00461FB5 /* QuickType.app */;
			productType = "com.apple.product-type.application";
		};
		3A0E794A1B5CC50D00461FB5 /* QuickTypeTests */ = {
			isa = PBXNativeTarget;
			buildConfigurationList = 3A0E79581B5CC50D00461FB5 /* Build configuration list for PBXNativeTarget "QuickTypeTests" */;
			buildPhases = (
				3A0E79471B5CC50D00461FB5 /* Sources */,
				3A0E79481B5CC50D00461FB5 /* Frameworks */,
				3A0E79491B5CC50D00461FB5 /* Resources */,
			);
			buildRules = (
			);
			dependencies = (
				3A0E794D1B5CC50D00461FB5 /* PBXTargetDependency */,
			);
			name = QuickTypeTests;
			productName = QuickTypeTests;
			productReference = 3A0E794B1B5CC50D00461FB5 /* QuickTypeTests.xctest */;
			productType = "com.apple.product-type.bundle.unit-test";
		};
/* End PBXNativeTarget section */

/* Begin PBXProject section */
		3A0E79271B5CC50D00461FB5 /* Project object */ = {
			isa = PBXProject;
			attributes = {
				LastUpgradeCheck = 0640;
				ORGANIZATIONNAME = "Asfanur Arafin";
				TargetAttributes = {
					3A0E792E1B5CC50D00461FB5 = {
						CreatedOnToolsVersion = 6.4;
					};
					3A0E794A1B5CC50D00461FB5 = {
						CreatedOnToolsVersion = 6.4;
						TestTargetID = 3A0E792E1B5CC50D00461FB5;
					};
				};
			};
			buildConfigurationList = 3A0E792A1B5CC50D00461FB5 /* Build configuration list for PBXProject "QuickType" */;
			compatibilityVersion = "Xcode 3.2";
			developmentRegion = English;
			hasScannedForEncodings = 0;
			knownRegions = (
				en,
				Base,
			);
			mainGroup = 3A0E79261B5CC50D00461FB5;
			productRefGroup = 3A0E79301B5CC50D00461FB5 /* Products */;
			projectDirPath = "";
			projectRoot = "";
			targets = (
				3A0E792E1B5CC50D00461FB5 /* QuickType */,
				3A0E794A1B5CC50D00461FB5 /* QuickTypeTests */,
			);
		};
/* End PBXProject section */

/* Begin PBXResourcesBuildPhase section */
		3A0E792D1B5CC50D00461FB5 /* Resources */ = {
			isa = PBXResourcesBuildPhase;
			buildActionMask = 2147483647;
			files = (
				3A0E79411B5CC50D00461FB5 /* Main.storyboard in Resources */,
				3A0E79461B5CC50D00461FB5 /* LaunchScreen.xib in Resources */,
				3A0E79431B5CC50D00461FB5 /* Images.xcassets in Resources */,
			);
			runOnlyForDeploymentPostprocessing = 0;
		};
		3A0E79491B5CC50D00461FB5 /* Resources */ = {
			isa = PBXResourcesBuildPhase;
			buildActionMask = 2147483647;
			files = (
			);
			runOnlyForDeploymentPostprocessing = 0;
		};
/* End PBXResourcesBuildPhase section */

/* Begin PBXSourcesBuildPhase section */
		3A0E792B1B5CC50D00461FB5 /* Sources */ = {
			isa = PBXSourcesBuildPhase;
			buildActionMask = 2147483647;
			files = (
				3A0E793B1B5CC50D00461FB5 /* QuickType.xcdatamodeld in Sources */,
				3A0E79381B5CC50D00461FB5 /* AppDelegate.m in Sources */,
				3AF287DD1B5DFA0300048A08 /* SpeechBubble.m in Sources */,
				3A0E793E1B5CC50D00461FB5 /* ViewController.m in Sources */,
				3A0E79351B5CC50D00461FB5 /* main.m in Sources */,
			);
			runOnlyForDeploymentPostprocessing = 0;
		};
		3A0E79471B5CC50D00461FB5 /* Sources */ = {
			isa = PBXSourcesBuildPhase;
			buildActionMask = 2147483647;
			files = (
				3A0E79521B5CC50D00461FB5 /* QuickTypeTests.m in Sources */,
			);
			runOnlyForDeploymentPostprocessing = 0;
		};
/* End PBXSourcesBuildPhase section */

/* Begin PBXTargetDependency section */
		3A0E794D1B5CC50D00461FB5 /* PBXTargetDependency */ = {
			isa = PBXTargetDependency;
			target = 3A0E792E1B5CC50D00461FB5 /* QuickType */;
			targetProxy = 3A0E794C1B5CC50D00461FB5 /* PBXContainerItemProxy */;
		};
/* End PBXTargetDependency section */

/* Begin PBXVariantGroup section */
		3A0E793F1B5CC50D00461FB5 /* Main.storyboard */ = {
			isa = PBXVariantGroup;
			children = (
				3A0E79401B5CC50D00461FB5 /* Base */,
			);
			name = Main.storyboard;
			sourceTree = "<group>";
		};
		3A0E79441B5CC50D00461FB5 /* LaunchScreen.xib */ = {
			isa = PBXVariantGroup;
			children = (
				3A0E79451B5CC50D00461FB5 /* Base */,
			);
			name = LaunchScreen.xib;
			sourceTree = "<group>";
		};
/* End PBXVariantGroup section */

/* Begin XCBuildConfiguration section */
		3A0E79531B5CC50D00461FB5 /* Debug */ = {
			isa = XCBuildConfiguration;
			buildSettings = {
				ALWAYS_SEARCH_USER_PATHS = NO;
				CLANG_CXX_LANGUAGE_STANDARD = "gnu++0x";
				CLANG_CXX_LIBRARY = "libc++";
				CLANG_ENABLE_MODULES = YES;
				CLANG_ENABLE_OBJC_ARC = YES;
				CLANG_WARN_BOOL_CONVERSION = YES;
				CLANG_WARN_CONSTANT_CONVERSION = YES;
				CLANG_WARN_DIRECT_OBJC_ISA_USAGE = YES_ERROR;
				CLANG_WARN_EMPTY_BODY = YES;
				CLANG_WARN_ENUM_CONVERSION = YES;
				CLANG_WARN_INT_CONVERSION = YES;
				CLANG_WARN_OBJC_ROOT_CLASS = YES_ERROR;
				CLANG_WARN_UNREACHABLE_CODE = YES;
				CLANG_WARN__DUPLICATE_METHOD_MATCH = YES;
				"CODE_SIGN_IDENTITY[sdk=iphoneos*]" = "iPhone Developer";
				COPY_PHASE_STRIP = NO;
				DEBUG_INFORMATION_FORMAT = "dwarf-with-dsym";
				ENABLE_STRICT_OBJC_MSGSEND = YES;
				GCC_C_LANGUAGE_STANDARD = gnu99;
				GCC_DYNAMIC_NO_PIC = NO;
				GCC_NO_COMMON_BLOCKS = YES;
				GCC_OPTIMIZATION_LEVEL = 0;
				GCC_PREPROCESSOR_DEFINITIONS = (
					"DEBUG=1",
					"$(inherited)",
				);
				GCC_SYMBOLS_PRIVATE_EXTERN = NO;
				GCC_WARN_64_TO_32_BIT_CONVERSION = YES;
				GCC_WARN_ABOUT_RETURN_TYPE = YES_ERROR;
				GCC_WARN_UNDECLARED_SELECTOR = YES;
				GCC_WARN_UNINITIALIZED_AUTOS = YES_AGGRESSIVE;
				GCC_WARN_UNUSED_FUNCTION = YES;
				GCC_WARN_UNUSED_VARIABLE = YES;
				IPHONEOS_DEPLOYMENT_TARGET = 8.4;
				MTL_ENABLE_DEBUG_INFO = YES;
				ONLY_ACTIVE_ARCH = YES;
				SDKROOT = iphoneos;
				TARGETED_DEVICE_FAMILY = "1,2";
			};
			name = Debug;
		};
		3A0E79541B5CC50D00461FB5 /* Release */ = {
			isa = XCBuildConfiguration;
			buildSettings = {
				ALWAYS_SEARCH_USER_PATHS = NO;
				CLANG_CXX_LANGUAGE_STANDARD = "gnu++0x";
				CLANG_CXX_LIBRARY = "libc++";
				CLANG_ENABLE_MODULES = YES;
				CLANG_ENABLE_OBJC_ARC = YES;
				CLANG_WARN_BOOL_CONVERSION = YES;
				CLANG_WARN_CONSTANT_CONVERSION = YES;
				CLANG_WARN_DIRECT_OBJC_ISA_USAGE = YES_ERROR;
				CLANG_WARN_EMPTY_BODY = YES;
				CLANG_WARN_ENUM_CONVERSION = YES;
				CLANG_WARN_INT_CONVERSION = YES;
				CLANG_WARN_OBJC_ROOT_CLASS = YES_ERROR;
				CLANG_WARN_UNREACHABLE_CODE = YES;
				CLANG_WARN__DUPLICATE_METHOD_MATCH = YES;
				"CODE_SIGN_IDENTITY[sdk=iphoneos*]" = "iPhone Developer";
				COPY_PHASE_STRIP = NO;
				DEBUG_INFORMATION_FORMAT = "dwarf-with-dsym";
				ENABLE_NS_ASSERTIONS = NO;
				ENABLE_STRICT_OBJC_MSGSEND = YES;
				GCC_C_LANGUAGE_STANDARD = gnu99;
				GCC_NO_COMMON_BLOCKS = YES;
				GCC_WARN_64_TO_32_BIT_CONVERSION = YES;
				GCC_WARN_ABOUT_RETURN_TYPE = YES_ERROR;
				GCC_WARN_UNDECLARED_SELECTOR = YES;
				GCC_WARN_UNINITIALIZED_AUTOS = YES_AGGRESSIVE;
				GCC_WARN_UNUSED_FUNCTION = YES;
				GCC_WARN_UNUSED_VARIABLE = YES;
				IPHONEOS_DEPLOYMENT_TARGET = 8.4;
				MTL_ENABLE_DEBUG_INFO = NO;
				SDKROOT = iphoneos;
				TARGETED_DEVICE_FAMILY = "1,2";
				VALIDATE_PRODUCT = YES;
			};
			name = Release;
		};
		3A0E79561B5CC50D00461FB5 /* Debug */ = {
			isa = XCBuildConfiguration;
			buildSettings = {
				ASSETCATALOG_COMPILER_APPICON_NAME = AppIcon;
				INFOPLIST_FILE = QuickType/Info.plist;
				LD_RUNPATH_SEARCH_PATHS = "$(inherited) @executable_path/Frameworks";
				PRODUCT_NAME = "$(TARGET_NAME)";
			};
			name = Debug;
		};
		3A0E79571B5CC50D00461FB5 /* Release */ = {
			isa = XCBuildConfiguration;
			buildSettings = {
				ASSETCATALOG_COMPILER_APPICON_NAME = AppIcon;
				INFOPLIST_FILE = QuickType/Info.plist;
				LD_RUNPATH_SEARCH_PATHS = "$(inherited) @executable_path/Frameworks";
				PRODUCT_NAME = "$(TARGET_NAME)";
			};
			name = Release;
		};
		3A0E79591B5CC50D00461FB5 /* Debug */ = {
			isa = XCBuildConfiguration;
			buildSettings = {
				BUNDLE_LOADER = "$(TEST_HOST)";
				FRAMEWORK_SEARCH_PATHS = (
					"$(SDKROOT)/Developer/Library/Frameworks",
					"$(inherited)",
				);
				GCC_PREPROCESSOR_DEFINITIONS = (
					"DEBUG=1",
					"$(inherited)",
				);
				INFOPLIST_FILE = QuickTypeTests/Info.plist;
				LD_RUNPATH_SEARCH_PATHS = "$(inherited) @executable_path/Frameworks @loader_path/Frameworks";
				PRODUCT_NAME = "$(TARGET_NAME)";
				TEST_HOST = "$(BUILT_PRODUCTS_DIR)/QuickType.app/QuickType";
			};
			name = Debug;
		};
		3A0E795A1B5CC50D00461FB5 /* Release */ = {
			isa = XCBuildConfiguration;
			buildSettings = {
				BUNDLE_LOADER = "$(TEST_HOST)";
				FRAMEWORK_SEARCH_PATHS = (
					"$(SDKROOT)/Developer/Library/Frameworks",
					"$(inherited)",
				);
				INFOPLIST_FILE = QuickTypeTests/Info.plist;
				LD_RUNPATH_SEARCH_PATHS = "$(inherited) @executable_path/Frameworks @loader_path/Frameworks";
				PRODUCT_NAME = "$(TARGET_NAME)";
				TEST_HOST = "$(BUILT_PRODUCTS_DIR)/QuickType.app/QuickType";
			};
			name = Release;
		};
/* End XCBuildConfiguration section */

/* Begin XCConfigurationList section */
		3A0E792A1B5CC50D00461FB5 /* Build configuration list for PBXProject "QuickType" */ = {
			isa = XCConfigurationList;
			buildConfigurations = (
				3A0E79531B5CC50D00461FB5 /* Debug */,
				3A0E79541B5CC50D00461FB5 /* Release */,
			);
			defaultConfigurationIsVisible = 0;
			defaultConfigurationName = Release;
		};
		3A0E79551B5CC50D00461FB5 /* Build configuration list for PBXNativeTarget "QuickType" */ = {
			isa = XCConfigurationList;
			buildConfigurations = (
				3A0E79561B5CC50D00461FB5 /* Debug */,
				3A0E79571B5CC50D00461FB5 /* Release */,
			);
			defaultConfigurationIsVisible = 0;
			defaultConfigurationName = Release;
		};
		3A0E79581B5CC50D00461FB5 /* Build configuration list for PBXNativeTarget "QuickTypeTests" */ = {
			isa = XCConfigurationList;
			buildConfigurations = (
				3A0E79591B5CC50D00461FB5 /* Debug */,
				3A0E795A1B5CC50D00461FB5 /* Release */,
			);
			defaultConfigurationIsVisible = 0;
			defaultConfigurationName = Release;
		};
/* End XCConfigurationList section */

/* Begin XCVersionGroup section */
		3A0E79391B5CC50D00461FB5 /* QuickType.xcdatamodeld */ = {
			isa = XCVersionGroup;
			children = (
				3A0E793A1B5CC50D00461FB5 /* QuickType.xcdatamodel */,
			);
			currentVersion = 3A0E793A1B5CC50D00461FB5 /* QuickType.xcdatamodel */;
			path = QuickType.xcdatamodeld;
			sourceTree = "<group>";
			versionGroupType = wrapper.xcdatamodel;
		};
/* End XCVersionGroup section */
	};
	rootObject = 3A0E79271B5CC50D00461FB5 /* Project object */;
}
